
Microsoft Visual Studio Solution File, Format Version 12.00
# Visual Studio Version 16
VisualStudioVersion = 16.0.31005.135
MinimumVisualStudioVersion = 10.0.40219.1
Project("{FAE04EC0-301F-11D3-BF4B-00C04F79EFBC}") = "EPAM_Task1.2", "EPAM_Task1.2\EPAM_Task1.2.csproj", "{33F33FD8-8D33-4B93-AA94-8F97CEC7AB4D}"
EndProject
Global
	GlobalSection(SolutionConfigurationPlatforms) = preSolution
		Debug|Any CPU = Debug|Any CPU
		Release|Any CPU = Release|Any CPU
	EndGlobalSection
	GlobalSection(ProjectConfigurationPlatforms) = postSolution
		{33F33FD8-8D33-4B93-AA94-8F97CEC7AB4D}.Debug|Any CPU.ActiveCfg = Debug|Any CPU
		{33F33FD8-8D33-4B93-AA94-8F97CEC7AB4D}.Debug|Any CPU.Build.0 = Debug|Any CPU
		{33F33FD8-8D33-4B93-AA94-8F97CEC7AB4D}.Release|Any CPU.ActiveCfg = Release|Any CPU
		{33F33FD8-8D33-4B93-AA94-8F97CEC7AB4D}.Release|Any CPU.Build.0 = Release|Any CPU
	EndGlobalSection
	GlobalSection(SolutionProperties) = preSolution
		HideSolutionNode = FALSE
	EndGlobalSection
	GlobalSection(ExtensibilityGlobals) = postSolution
		SolutionGuid = {EDBFBD72-B4D8-4078-8AC3-C937AF7BF8FE}
	EndGlobalSection
EndGlobal
