
Microsoft Visual Studio Solution File, Format Version 12.00
# Visual Studio Version 16
VisualStudioVersion = 16.0.30804.86
MinimumVisualStudioVersion = 10.0.40219.1
Project("{FAE04EC0-301F-11D3-BF4B-00C04F79EFBC}") = "EPAM_Task2.2", "EPAM_Task2.2\EPAM_Task2.2.csproj", "{FE0269FD-4187-4816-9805-233906E40117}"
EndProject
Global
	GlobalSection(SolutionConfigurationPlatforms) = preSolution
		Debug|Any CPU = Debug|Any CPU
		Release|Any CPU = Release|Any CPU
	EndGlobalSection
	GlobalSection(ProjectConfigurationPlatforms) = postSolution
		{FE0269FD-4187-4816-9805-233906E40117}.Debug|Any CPU.ActiveCfg = Debug|Any CPU
		{FE0269FD-4187-4816-9805-233906E40117}.Debug|Any CPU.Build.0 = Debug|Any CPU
		{FE0269FD-4187-4816-9805-233906E40117}.Release|Any CPU.ActiveCfg = Release|Any CPU
		{FE0269FD-4187-4816-9805-233906E40117}.Release|Any CPU.Build.0 = Release|Any CPU
	EndGlobalSection
	GlobalSection(SolutionProperties) = preSolution
		HideSolutionNode = FALSE
	EndGlobalSection
	GlobalSection(ExtensibilityGlobals) = postSolution
		SolutionGuid = {50916E3C-337E-41EF-938B-6232963F33ED}
	EndGlobalSection
EndGlobal
