
Microsoft Visual Studio Solution File, Format Version 12.00
# Visual Studio Version 16
VisualStudioVersion = 16.0.31205.134
MinimumVisualStudioVersion = 10.0.40219.1
Project("{FAE04EC0-301F-11D3-BF4B-00C04F79EFBC}") = "EPAM_Task8", "EPAM_Task8\EPAM_Task8.csproj", "{19B881B0-6B82-4B63-88AD-DD60FD74211C}"
EndProject
Project("{FAE04EC0-301F-11D3-BF4B-00C04F79EFBC}") = "EPAM_Task8.BLL", "EPAM_Task8.BLL\EPAM_Task8.BLL.csproj", "{7EA5B3E7-5D5C-4DBE-B9DC-10BB913EC213}"
EndProject
Project("{FAE04EC0-301F-11D3-BF4B-00C04F79EFBC}") = "EPAM_Task8.DAL", "EPAM_Task8.DAL\EPAM_Task8.DAL.csproj", "{7F32FA84-655A-4193-9311-22B15ED2F636}"
EndProject
Project("{FAE04EC0-301F-11D3-BF4B-00C04F79EFBC}") = "EPAM_Task8.Entities", "EPAM_Task8.Entities\EPAM_Task8.Entities.csproj", "{3CE8D897-0337-47A8-A9E0-236C95DDCE0E}"
EndProject
Project("{FAE04EC0-301F-11D3-BF4B-00C04F79EFBC}") = "ConsolePL", "ConsolePL\ConsolePL.csproj", "{0DE95F92-AB85-4FC0-858E-2A020A7BB3E4}"
EndProject
Project("{2150E333-8FDC-42A3-9474-1A3956D46DE8}") = "BLL", "BLL", "{593ED93B-2147-4E79-8E14-F1BF4319B061}"
EndProject
Project("{2150E333-8FDC-42A3-9474-1A3956D46DE8}") = "PL", "PL", "{A0A21A78-C531-47DA-823E-28E818642F0F}"
EndProject
Project("{2150E333-8FDC-42A3-9474-1A3956D46DE8}") = "DAL", "DAL", "{5C6BC522-49A8-4E7A-923E-9423812EAD2D}"
EndProject
Project("{2150E333-8FDC-42A3-9474-1A3956D46DE8}") = "Entities", "Entities", "{21A83D84-3043-4B7D-B182-09716B3BF919}"
EndProject
Project("{FAE04EC0-301F-11D3-BF4B-00C04F79EFBC}") = "EPAM_Task8.SqlDAL", "EPAM_Task8.SqlDAL\EPAM_Task8.SqlDAL.csproj", "{5E2A3043-12DD-410C-AA04-10D8470B09C2}"
EndProject
Project("{FAE04EC0-301F-11D3-BF4B-00C04F79EFBC}") = "DALInterfaces", "DALInterfaces\DALInterfaces.csproj", "{76F69F8C-A5CD-4A4C-9608-4E3BA4F0D8FE}"
EndProject
Project("{FAE04EC0-301F-11D3-BF4B-00C04F79EFBC}") = "UpdatedEntity", "UpdatedEntity\UpdatedEntity.csproj", "{610E89A4-63E0-475E-9478-1EFD256451D2}"
EndProject
Global
	GlobalSection(SolutionConfigurationPlatforms) = preSolution
		Debug|Any CPU = Debug|Any CPU
		Release|Any CPU = Release|Any CPU
	EndGlobalSection
	GlobalSection(ProjectConfigurationPlatforms) = postSolution
		{19B881B0-6B82-4B63-88AD-DD60FD74211C}.Debug|Any CPU.ActiveCfg = Debug|Any CPU
		{19B881B0-6B82-4B63-88AD-DD60FD74211C}.Debug|Any CPU.Build.0 = Debug|Any CPU
		{19B881B0-6B82-4B63-88AD-DD60FD74211C}.Release|Any CPU.ActiveCfg = Release|Any CPU
		{19B881B0-6B82-4B63-88AD-DD60FD74211C}.Release|Any CPU.Build.0 = Release|Any CPU
		{7EA5B3E7-5D5C-4DBE-B9DC-10BB913EC213}.Debug|Any CPU.ActiveCfg = Debug|Any CPU
		{7EA5B3E7-5D5C-4DBE-B9DC-10BB913EC213}.Debug|Any CPU.Build.0 = Debug|Any CPU
		{7EA5B3E7-5D5C-4DBE-B9DC-10BB913EC213}.Release|Any CPU.ActiveCfg = Release|Any CPU
		{7EA5B3E7-5D5C-4DBE-B9DC-10BB913EC213}.Release|Any CPU.Build.0 = Release|Any CPU
		{7F32FA84-655A-4193-9311-22B15ED2F636}.Debug|Any CPU.ActiveCfg = Debug|Any CPU
		{7F32FA84-655A-4193-9311-22B15ED2F636}.Debug|Any CPU.Build.0 = Debug|Any CPU
		{7F32FA84-655A-4193-9311-22B15ED2F636}.Release|Any CPU.ActiveCfg = Release|Any CPU
		{7F32FA84-655A-4193-9311-22B15ED2F636}.Release|Any CPU.Build.0 = Release|Any CPU
		{3CE8D897-0337-47A8-A9E0-236C95DDCE0E}.Debug|Any CPU.ActiveCfg = Debug|Any CPU
		{3CE8D897-0337-47A8-A9E0-236C95DDCE0E}.Debug|Any CPU.Build.0 = Debug|Any CPU
		{3CE8D897-0337-47A8-A9E0-236C95DDCE0E}.Release|Any CPU.ActiveCfg = Release|Any CPU
		{3CE8D897-0337-47A8-A9E0-236C95DDCE0E}.Release|Any CPU.Build.0 = Release|Any CPU
		{0DE95F92-AB85-4FC0-858E-2A020A7BB3E4}.Debug|Any CPU.ActiveCfg = Debug|Any CPU
		{0DE95F92-AB85-4FC0-858E-2A020A7BB3E4}.Debug|Any CPU.Build.0 = Debug|Any CPU
		{0DE95F92-AB85-4FC0-858E-2A020A7BB3E4}.Release|Any CPU.ActiveCfg = Release|Any CPU
		{0DE95F92-AB85-4FC0-858E-2A020A7BB3E4}.Release|Any CPU.Build.0 = Release|Any CPU
		{5E2A3043-12DD-410C-AA04-10D8470B09C2}.Debug|Any CPU.ActiveCfg = Debug|Any CPU
		{5E2A3043-12DD-410C-AA04-10D8470B09C2}.Debug|Any CPU.Build.0 = Debug|Any CPU
		{5E2A3043-12DD-410C-AA04-10D8470B09C2}.Release|Any CPU.ActiveCfg = Release|Any CPU
		{5E2A3043-12DD-410C-AA04-10D8470B09C2}.Release|Any CPU.Build.0 = Release|Any CPU
		{76F69F8C-A5CD-4A4C-9608-4E3BA4F0D8FE}.Debug|Any CPU.ActiveCfg = Debug|Any CPU
		{76F69F8C-A5CD-4A4C-9608-4E3BA4F0D8FE}.Debug|Any CPU.Build.0 = Debug|Any CPU
		{76F69F8C-A5CD-4A4C-9608-4E3BA4F0D8FE}.Release|Any CPU.ActiveCfg = Release|Any CPU
		{76F69F8C-A5CD-4A4C-9608-4E3BA4F0D8FE}.Release|Any CPU.Build.0 = Release|Any CPU
		{610E89A4-63E0-475E-9478-1EFD256451D2}.Debug|Any CPU.ActiveCfg = Debug|Any CPU
		{610E89A4-63E0-475E-9478-1EFD256451D2}.Debug|Any CPU.Build.0 = Debug|Any CPU
		{610E89A4-63E0-475E-9478-1EFD256451D2}.Release|Any CPU.ActiveCfg = Release|Any CPU
		{610E89A4-63E0-475E-9478-1EFD256451D2}.Release|Any CPU.Build.0 = Release|Any CPU
	EndGlobalSection
	GlobalSection(SolutionProperties) = preSolution
		HideSolutionNode = FALSE
	EndGlobalSection
	GlobalSection(NestedProjects) = preSolution
		{19B881B0-6B82-4B63-88AD-DD60FD74211C} = {A0A21A78-C531-47DA-823E-28E818642F0F}
		{7EA5B3E7-5D5C-4DBE-B9DC-10BB913EC213} = {593ED93B-2147-4E79-8E14-F1BF4319B061}
		{7F32FA84-655A-4193-9311-22B15ED2F636} = {5C6BC522-49A8-4E7A-923E-9423812EAD2D}
		{3CE8D897-0337-47A8-A9E0-236C95DDCE0E} = {21A83D84-3043-4B7D-B182-09716B3BF919}
		{0DE95F92-AB85-4FC0-858E-2A020A7BB3E4} = {A0A21A78-C531-47DA-823E-28E818642F0F}
		{5E2A3043-12DD-410C-AA04-10D8470B09C2} = {5C6BC522-49A8-4E7A-923E-9423812EAD2D}
		{76F69F8C-A5CD-4A4C-9608-4E3BA4F0D8FE} = {5C6BC522-49A8-4E7A-923E-9423812EAD2D}
		{610E89A4-63E0-475E-9478-1EFD256451D2} = {21A83D84-3043-4B7D-B182-09716B3BF919}
	EndGlobalSection
	GlobalSection(ExtensibilityGlobals) = postSolution
		SolutionGuid = {EFC5EF04-D165-466C-9751-95E1C7A4AAFD}
	EndGlobalSection
EndGlobal
